
Microsoft Visual Studio Solution File, Format Version 12.00
# Visual Studio Version 17
VisualStudioVersion = 17.14.36221.1
MinimumVisualStudioVersion = 10.0.40219.1
Project("{FAE04EC0-301F-11D3-BF4B-00C04F79EFBC}") = "TransactionService", "TransactionService\TransactionService.csproj", "{B563489F-4D3D-4190-8217-9C795DD0CE7C}"
EndProject
Project("{FAE04EC0-301F-11D3-BF4B-00C04F79EFBC}") = "ConsolicationService", "ConsolicationService\ConsolicationService.csproj", "{24612638-B781-454D-8B86-CBC86F00F290}"
EndProject
Project("{FAE04EC0-301F-11D3-BF4B-00C04F79EFBC}") = "BalanceService", "BalanceService\BalanceService.csproj", "{FAB55F47-C6D0-420B-96A4-5F534B7B5B15}"
EndProject
Global
	GlobalSection(SolutionConfigurationPlatforms) = preSolution
		Debug|Any CPU = Debug|Any CPU
		Release|Any CPU = Release|Any CPU
	EndGlobalSection
	GlobalSection(ProjectConfigurationPlatforms) = postSolution
		{B563489F-4D3D-4190-8217-9C795DD0CE7C}.Debug|Any CPU.ActiveCfg = Debug|Any CPU
		{B563489F-4D3D-4190-8217-9C795DD0CE7C}.Debug|Any CPU.Build.0 = Debug|Any CPU
		{B563489F-4D3D-4190-8217-9C795DD0CE7C}.Release|Any CPU.ActiveCfg = Release|Any CPU
		{B563489F-4D3D-4190-8217-9C795DD0CE7C}.Release|Any CPU.Build.0 = Release|Any CPU
		{24612638-B781-454D-8B86-CBC86F00F290}.Debug|Any CPU.ActiveCfg = Debug|Any CPU
		{24612638-B781-454D-8B86-CBC86F00F290}.Debug|Any CPU.Build.0 = Debug|Any CPU
		{24612638-B781-454D-8B86-CBC86F00F290}.Release|Any CPU.ActiveCfg = Release|Any CPU
		{24612638-B781-454D-8B86-CBC86F00F290}.Release|Any CPU.Build.0 = Release|Any CPU
		{FAB55F47-C6D0-420B-96A4-5F534B7B5B15}.Debug|Any CPU.ActiveCfg = Debug|Any CPU
		{FAB55F47-C6D0-420B-96A4-5F534B7B5B15}.Debug|Any CPU.Build.0 = Debug|Any CPU
		{FAB55F47-C6D0-420B-96A4-5F534B7B5B15}.Release|Any CPU.ActiveCfg = Release|Any CPU
		{FAB55F47-C6D0-420B-96A4-5F534B7B5B15}.Release|Any CPU.Build.0 = Release|Any CPU
	EndGlobalSection
	GlobalSection(SolutionProperties) = preSolution
		HideSolutionNode = FALSE
	EndGlobalSection
	GlobalSection(ExtensibilityGlobals) = postSolution
		SolutionGuid = {F1CC12C1-AF53-40D8-9A9B-F51136668CB1}
	EndGlobalSection
EndGlobal
